// !$*UTF8*$!
{
	archiveVersion = 1;
	classes = {
	};
	objectVersion = 56;
	objects = {

/* Begin PBXBuildFile section */
		A4842FC629D3105D00094AD5 /* MapView.swift in Sources */ = {isa = PBXBuildFile; fileRef = A4842FC529D3105D00094AD5 /* MapView.swift */; };
		A4842FC829D3153900094AD5 /* DetailView.swift in Sources */ = {isa = PBXBuildFile; fileRef = A4842FC729D3153900094AD5 /* DetailView.swift */; };
		A4842FCA29D316F300094AD5 /* ImageDetail.swift in Sources */ = {isa = PBXBuildFile; fileRef = A4842FC929D316F300094AD5 /* ImageDetail.swift */; };
		A4F7079529D1CE0900DEFF4C /* famousInformationApp.swift in Sources */ = {isa = PBXBuildFile; fileRef = A4F7079429D1CE0900DEFF4C /* famousInformationApp.swift */; };
		A4F7079729D1CE0900DEFF4C /* ContentView.swift in Sources */ = {isa = PBXBuildFile; fileRef = A4F7079629D1CE0900DEFF4C /* ContentView.swift */; };
		A4F7079929D1CE0A00DEFF4C /* Assets.xcassets in Resources */ = {isa = PBXBuildFile; fileRef = A4F7079829D1CE0A00DEFF4C /* Assets.xcassets */; };
		A4F7079C29D1CE0A00DEFF4C /* Preview Assets.xcassets in Resources */ = {isa = PBXBuildFile; fileRef = A4F7079B29D1CE0A00DEFF4C /* Preview Assets.xcassets */; };
		A4F707A329D1CE2B00DEFF4C /* informationList.swift in Sources */ = {isa = PBXBuildFile; fileRef = A4F707A229D1CE2B00DEFF4C /* informationList.swift */; };
/* End PBXBuildFile section */

/* Begin PBXFileReference section */
		A4842FC529D3105D00094AD5 /* MapView.swift */ = {isa = PBXFileReference; lastKnownFileType = sourcecode.swift; path = MapView.swift; sourceTree = "<group>"; };
		A4842FC729D3153900094AD5 /* DetailView.swift */ = {isa = PBXFileReference; lastKnownFileType = sourcecode.swift; path = DetailView.swift; sourceTree = "<group>"; };
		A4842FC929D316F300094AD5 /* ImageDetail.swift */ = {isa = PBXFileReference; lastKnownFileType = sourcecode.swift; path = ImageDetail.swift; sourceTree = "<group>"; };
		A4F7079129D1CE0900DEFF4C /* famousInformation.app */ = {isa = PBXFileReference; explicitFileType = wrapper.application; includeInIndex = 0; path = famousInformation.app; sourceTree = BUILT_PRODUCTS_DIR; };
		A4F7079429D1CE0900DEFF4C /* famousInformationApp.swift */ = {isa = PBXFileReference; lastKnownFileType = sourcecode.swift; path = famousInformationApp.swift; sourceTree = "<group>"; };
		A4F7079629D1CE0900DEFF4C /* ContentView.swift */ = {isa = PBXFileReference; lastKnownFileType = sourcecode.swift; path = ContentView.swift; sourceTree = "<group>"; };
		A4F7079829D1CE0A00DEFF4C /* Assets.xcassets */ = {isa = PBXFileReference; lastKnownFileType = folder.assetcatalog; path = Assets.xcassets; sourceTree = "<group>"; };
		A4F7079B29D1CE0A00DEFF4C /* Preview Assets.xcassets */ = {isa = PBXFileReference; lastKnownFileType = folder.assetcatalog; path = "Preview Assets.xcassets"; sourceTree = "<group>"; };
		A4F707A229D1CE2B00DEFF4C /* informationList.swift */ = {isa = PBXFileReference; lastKnownFileType = sourcecode.swift; path = informationList.swift; sourceTree = "<group>"; };
/* End PBXFileReference section */

/* Begin PBXFrameworksBuildPhase section */
		A4F7078E29D1CE0900DEFF4C /* Frameworks */ = {
			isa = PBXFrameworksBuildPhase;
			buildActionMask = 2147483647;
			files = (
			);
			runOnlyForDeploymentPostprocessing = 0;
		};
/* End PBXFrameworksBuildPhase section */

/* Begin PBXGroup section */
		A4F7078829D1CE0900DEFF4C = {
			isa = PBXGroup;
			children = (
				A4F7079329D1CE0900DEFF4C /* famousInformation */,
				A4F7079229D1CE0900DEFF4C /* Products */,
			);
			sourceTree = "<group>";
		};
		A4F7079229D1CE0900DEFF4C /* Products */ = {
			isa = PBXGroup;
			children = (
				A4F7079129D1CE0900DEFF4C /* famousInformation.app */,
			);
			name = Products;
			sourceTree = "<group>";
		};
		A4F7079329D1CE0900DEFF4C /* famousInformation */ = {
			isa = PBXGroup;
			children = (
				A4F7079429D1CE0900DEFF4C /* famousInformationApp.swift */,
				A4F7079629D1CE0900DEFF4C /* ContentView.swift */,
				A4842FC529D3105D00094AD5 /* MapView.swift */,
				A4F707A229D1CE2B00DEFF4C /* informationList.swift */,
				A4842FC729D3153900094AD5 /* DetailView.swift */,
				A4F7079829D1CE0A00DEFF4C /* Assets.xcassets */,
				A4F7079A29D1CE0A00DEFF4C /* Preview Content */,
				A4842FC929D316F300094AD5 /* ImageDetail.swift */,
			);
			path = famousInformation;
			sourceTree = "<group>";
		};
		A4F7079A29D1CE0A00DEFF4C /* Preview Content */ = {
			isa = PBXGroup;
			children = (
				A4F7079B29D1CE0A00DEFF4C /* Preview Assets.xcassets */,
			);
			path = "Preview Content";
			sourceTree = "<group>";
		};
/* End PBXGroup section */

/* Begin PBXNativeTarget section */
		A4F7079029D1CE0900DEFF4C /* famousInformation */ = {
			isa = PBXNativeTarget;
			buildConfigurationList = A4F7079F29D1CE0A00DEFF4C /* Build configuration list for PBXNativeTarget "famousInformation" */;
			buildPhases = (
				A4F7078D29D1CE0900DEFF4C /* Sources */,
				A4F7078E29D1CE0900DEFF4C /* Frameworks */,
				A4F7078F29D1CE0900DEFF4C /* Resources */,
			);
			buildRules = (
			);
			dependencies = (
			);
			name = famousInformation;
			productName = famousInformation;
			productReference = A4F7079129D1CE0900DEFF4C /* famousInformation.app */;
			productType = "com.apple.product-type.application";
		};
/* End PBXNativeTarget section */

/* Begin PBXProject section */
		A4F7078929D1CE0900DEFF4C /* Project object */ = {
			isa = PBXProject;
			attributes = {
				BuildIndependentTargetsInParallel = 1;
				LastSwiftUpdateCheck = 1420;
				LastUpgradeCheck = 1420;
				TargetAttributes = {
					A4F7079029D1CE0900DEFF4C = {
						CreatedOnToolsVersion = 14.2;
					};
				};
			};
			buildConfigurationList = A4F7078C29D1CE0900DEFF4C /* Build configuration list for PBXProject "famousInformation" */;
			compatibilityVersion = "Xcode 14.0";
			developmentRegion = en;
			hasScannedForEncodings = 0;
			knownRegions = (
				en,
				Base,
			);
			mainGroup = A4F7078829D1CE0900DEFF4C;
			productRefGroup = A4F7079229D1CE0900DEFF4C /* Products */;
			projectDirPath = "";
			projectRoot = "";
			targets = (
				A4F7079029D1CE0900DEFF4C /* famousInformation */,
			);
		};
/* End PBXProject section */

/* Begin PBXResourcesBuildPhase section */
		A4F7078F29D1CE0900DEFF4C /* Resources */ = {
			isa = PBXResourcesBuildPhase;
			buildActionMask = 2147483647;
			files = (
				A4F7079C29D1CE0A00DEFF4C /* Preview Assets.xcassets in Resources */,
				A4F7079929D1CE0A00DEFF4C /* Assets.xcassets in Resources */,
			);
			runOnlyForDeploymentPostprocessing = 0;
		};
/* End PBXResourcesBuildPhase section */

/* Begin PBXSourcesBuildPhase section */
		A4F7078D29D1CE0900DEFF4C /* Sources */ = {
			isa = PBXSourcesBuildPhase;
			buildActionMask = 2147483647;
			files = (
				A4842FCA29D316F300094AD5 /* ImageDetail.swift in Sources */,
				A4F7079729D1CE0900DEFF4C /* ContentView.swift in Sources */,
				A4842FC629D3105D00094AD5 /* MapView.swift in Sources */,
				A4F7079529D1CE0900DEFF4C /* famousInformationApp.swift in Sources */,
				A4842FC829D3153900094AD5 /* DetailView.swift in Sources */,
				A4F707A329D1CE2B00DEFF4C /* informationList.swift in Sources */,
			);
			runOnlyForDeploymentPostprocessing = 0;
		};
/* End PBXSourcesBuildPhase section */

/* Begin XCBuildConfiguration section */
		A4F7079D29D1CE0A00DEFF4C /* Debug */ = {
			isa = XCBuildConfiguration;
			buildSettings = {
				ALWAYS_SEARCH_USER_PATHS = NO;
				CLANG_ANALYZER_NONNULL = YES;
				CLANG_ANALYZER_NUMBER_OBJECT_CONVERSION = YES_AGGRESSIVE;
				CLANG_CXX_LANGUAGE_STANDARD = "gnu++20";
				CLANG_ENABLE_MODULES = YES;
				CLANG_ENABLE_OBJC_ARC = YES;
				CLANG_ENABLE_OBJC_WEAK = YES;
				CLANG_WARN_BLOCK_CAPTURE_AUTORELEASING = YES;
				CLANG_WARN_BOOL_CONVERSION = YES;
				CLANG_WARN_COMMA = YES;
				CLANG_WARN_CONSTANT_CONVERSION = YES;
				CLANG_WARN_DEPRECATED_OBJC_IMPLEMENTATIONS = YES;
				CLANG_WARN_DIRECT_OBJC_ISA_USAGE = YES_ERROR;
				CLANG_WARN_DOCUMENTATION_COMMENTS = YES;
				CLANG_WARN_EMPTY_BODY = YES;
				CLANG_WARN_ENUM_CONVERSION = YES;
				CLANG_WARN_INFINITE_RECURSION = YES;
				CLANG_WARN_INT_CONVERSION = YES;
				CLANG_WARN_NON_LITERAL_NULL_CONVERSION = YES;
				CLANG_WARN_OBJC_IMPLICIT_RETAIN_SELF = YES;
				CLANG_WARN_OBJC_LITERAL_CONVERSION = YES;
				CLANG_WARN_OBJC_ROOT_CLASS = YES_ERROR;
				CLANG_WARN_QUOTED_INCLUDE_IN_FRAMEWORK_HEADER = YES;
				CLANG_WARN_RANGE_LOOP_ANALYSIS = YES;
				CLANG_WARN_STRICT_PROTOTYPES = YES;
				CLANG_WARN_SUSPICIOUS_MOVE = YES;
				CLANG_WARN_UNGUARDED_AVAILABILITY = YES_AGGRESSIVE;
				CLANG_WARN_UNREACHABLE_CODE = YES;
				CLANG_WARN__DUPLICATE_METHOD_MATCH = YES;
				COPY_PHASE_STRIP = NO;
				DEBUG_INFORMATION_FORMAT = dwarf;
				ENABLE_STRICT_OBJC_MSGSEND = YES;
				ENABLE_TESTABILITY = YES;
				GCC_C_LANGUAGE_STANDARD = gnu11;
				GCC_DYNAMIC_NO_PIC = NO;
				GCC_NO_COMMON_BLOCKS = YES;
				GCC_OPTIMIZATION_LEVEL = 0;
				GCC_PREPROCESSOR_DEFINITIONS = (
					"DEBUG=1",
					"$(inherited)",
				);
				GCC_WARN_64_TO_32_BIT_CONVERSION = YES;
				GCC_WARN_ABOUT_RETURN_TYPE = YES_ERROR;
				GCC_WARN_UNDECLARED_SELECTOR = YES;
				GCC_WARN_UNINITIALIZED_AUTOS = YES_AGGRESSIVE;
				GCC_WARN_UNUSED_FUNCTION = YES;
				GCC_WARN_UNUSED_VARIABLE = YES;
				IPHONEOS_DEPLOYMENT_TARGET = 16.2;
				MTL_ENABLE_DEBUG_INFO = INCLUDE_SOURCE;
				MTL_FAST_MATH = YES;
				ONLY_ACTIVE_ARCH = YES;
				SDKROOT = iphoneos;
				SWIFT_ACTIVE_COMPILATION_CONDITIONS = DEBUG;
				SWIFT_OPTIMIZATION_LEVEL = "-Onone";
			};
			name = Debug;
		};
		A4F7079E29D1CE0A00DEFF4C /* Release */ = {
			isa = XCBuildConfiguration;
			buildSettings = {
				ALWAYS_SEARCH_USER_PATHS = NO;
				CLANG_ANALYZER_NONNULL = YES;
				CLANG_ANALYZER_NUMBER_OBJECT_CONVERSION = YES_AGGRESSIVE;
				CLANG_CXX_LANGUAGE_STANDARD = "gnu++20";
				CLANG_ENABLE_MODULES = YES;
				CLANG_ENABLE_OBJC_ARC = YES;
				CLANG_ENABLE_OBJC_WEAK = YES;
				CLANG_WARN_BLOCK_CAPTURE_AUTORELEASING = YES;
				CLANG_WARN_BOOL_CONVERSION = YES;
				CLANG_WARN_COMMA = YES;
				CLANG_WARN_CONSTANT_CONVERSION = YES;
				CLANG_WARN_DEPRECATED_OBJC_IMPLEMENTATIONS = YES;
				CLANG_WARN_DIRECT_OBJC_ISA_USAGE = YES_ERROR;
				CLANG_WARN_DOCUMENTATION_COMMENTS = YES;
				CLANG_WARN_EMPTY_BODY = YES;
				CLANG_WARN_ENUM_CONVERSION = YES;
				CLANG_WARN_INFINITE_RECURSION = YES;
				CLANG_WARN_INT_CONVERSION = YES;
				CLANG_WARN_NON_LITERAL_NULL_CONVERSION = YES;
				CLANG_WARN_OBJC_IMPLICIT_RETAIN_SELF = YES;
				CLANG_WARN_OBJC_LITERAL_CONVERSION = YES;
				CLANG_WARN_OBJC_ROOT_CLASS = YES_ERROR;
				CLANG_WARN_QUOTED_INCLUDE_IN_FRAMEWORK_HEADER = YES;
				CLANG_WARN_RANGE_LOOP_ANALYSIS = YES;
				CLANG_WARN_STRICT_PROTOTYPES = YES;
				CLANG_WARN_SUSPICIOUS_MOVE = YES;
				CLANG_WARN_UNGUARDED_AVAILABILITY = YES_AGGRESSIVE;
				CLANG_WARN_UNREACHABLE_CODE = YES;
				CLANG_WARN__DUPLICATE_METHOD_MATCH = YES;
				COPY_PHASE_STRIP = NO;
				DEBUG_INFORMATION_FORMAT = "dwarf-with-dsym";
				ENABLE_NS_ASSERTIONS = NO;
				ENABLE_STRICT_OBJC_MSGSEND = YES;
				GCC_C_LANGUAGE_STANDARD = gnu11;
				GCC_NO_COMMON_BLOCKS = YES;
				GCC_WARN_64_TO_32_BIT_CONVERSION = YES;
				GCC_WARN_ABOUT_RETURN_TYPE = YES_ERROR;
				GCC_WARN_UNDECLARED_SELECTOR = YES;
				GCC_WARN_UNINITIALIZED_AUTOS = YES_AGGRESSIVE;
				GCC_WARN_UNUSED_FUNCTION = YES;
				GCC_WARN_UNUSED_VARIABLE = YES;
				IPHONEOS_DEPLOYMENT_TARGET = 16.2;
				MTL_ENABLE_DEBUG_INFO = NO;
				MTL_FAST_MATH = YES;
				SDKROOT = iphoneos;
				SWIFT_COMPILATION_MODE = wholemodule;
				SWIFT_OPTIMIZATION_LEVEL = "-O";
				VALIDATE_PRODUCT = YES;
			};
			name = Release;
		};
		A4F707A029D1CE0A00DEFF4C /* Debug */ = {
			isa = XCBuildConfiguration;
			buildSettings = {
				ASSETCATALOG_COMPILER_APPICON_NAME = AppIcon;
				ASSETCATALOG_COMPILER_GLOBAL_ACCENT_COLOR_NAME = AccentColor;
				CODE_SIGN_STYLE = Automatic;
				CURRENT_PROJECT_VERSION = 1;
				DEVELOPMENT_ASSET_PATHS = "\"famousInformation/Preview Content\"";
				DEVELOPMENT_TEAM = NF9R7KNMC7;
				ENABLE_PREVIEWS = YES;
				GENERATE_INFOPLIST_FILE = YES;
				INFOPLIST_KEY_UIApplicationSceneManifest_Generation = YES;
				INFOPLIST_KEY_UIApplicationSupportsIndirectInputEvents = YES;
				INFOPLIST_KEY_UILaunchScreen_Generation = YES;
				INFOPLIST_KEY_UISupportedInterfaceOrientations_iPad = "UIInterfaceOrientationPortrait UIInterfaceOrientationPortraitUpsideDown UIInterfaceOrientationLandscapeLeft UIInterfaceOrientationLandscapeRight";
				INFOPLIST_KEY_UISupportedInterfaceOrientations_iPhone = "UIInterfaceOrientationPortrait UIInterfaceOrientationLandscapeLeft UIInterfaceOrientationLandscapeRight";
				LD_RUNPATH_SEARCH_PATHS = (
					"$(inherited)",
					"@executable_path/Frameworks",
				);
				MARKETING_VERSION = 1.0;
				PRODUCT_BUNDLE_IDENTIFIER = com.eyuphanakkaya.famousInformation;
				PRODUCT_NAME = "$(TARGET_NAME)";
				SWIFT_EMIT_LOC_STRINGS = YES;
				SWIFT_VERSION = 5.0;
				TARGETED_DEVICE_FAMILY = "1,2";
			};
			name = Debug;
		};
		A4F707A129D1CE0A00DEFF4C /* Release */ = {
			isa = XCBuildConfiguration;
			buildSettings = {
				ASSETCATALOG_COMPILER_APPICON_NAME = AppIcon;
				ASSETCATALOG_COMPILER_GLOBAL_ACCENT_COLOR_NAME = AccentColor;
				CODE_SIGN_STYLE = Automatic;
				CURRENT_PROJECT_VERSION = 1;
				DEVELOPMENT_ASSET_PATHS = "\"famousInformation/Preview Content\"";
				DEVELOPMENT_TEAM = NF9R7KNMC7;
				ENABLE_PREVIEWS = YES;
				GENERATE_INFOPLIST_FILE = YES;
				INFOPLIST_KEY_UIApplicationSceneManifest_Generation = YES;
				INFOPLIST_KEY_UIApplicationSupportsIndirectInputEvents = YES;
				INFOPLIST_KEY_UILaunchScreen_Generation = YES;
				INFOPLIST_KEY_UISupportedInterfaceOrientations_iPad = "UIInterfaceOrientationPortrait UIInterfaceOrientationPortraitUpsideDown UIInterfaceOrientationLandscapeLeft UIInterfaceOrientationLandscapeRight";
				INFOPLIST_KEY_UISupportedInterfaceOrientations_iPhone = "UIInterfaceOrientationPortrait UIInterfaceOrientationLandscapeLeft UIInterfaceOrientationLandscapeRight";
				LD_RUNPATH_SEARCH_PATHS = (
					"$(inherited)",
					"@executable_path/Frameworks",
				);
				MARKETING_VERSION = 1.0;
				PRODUCT_BUNDLE_IDENTIFIER = com.eyuphanakkaya.famousInformation;
				PRODUCT_NAME = "$(TARGET_NAME)";
				SWIFT_EMIT_LOC_STRINGS = YES;
				SWIFT_VERSION = 5.0;
				TARGETED_DEVICE_FAMILY = "1,2";
			};
			name = Release;
		};
/* End XCBuildConfiguration section */

/* Begin XCConfigurationList section */
		A4F7078C29D1CE0900DEFF4C /* Build configuration list for PBXProject "famousInformation" */ = {
			isa = XCConfigurationList;
			buildConfigurations = (
				A4F7079D29D1CE0A00DEFF4C /* Debug */,
				A4F7079E29D1CE0A00DEFF4C /* Release */,
			);
			defaultConfigurationIsVisible = 0;
			defaultConfigurationName = Release;
		};
		A4F7079F29D1CE0A00DEFF4C /* Build configuration list for PBXNativeTarget "famousInformation" */ = {
			isa = XCConfigurationList;
			buildConfigurations = (
				A4F707A029D1CE0A00DEFF4C /* Debug */,
				A4F707A129D1CE0A00DEFF4C /* Release */,
			);
			defaultConfigurationIsVisible = 0;
			defaultConfigurationName = Release;
		};
/* End XCConfigurationList section */
	};
	rootObject = A4F7078929D1CE0900DEFF4C /* Project object */;
}
